Microsoft Visual Studio Solution File, Format Version 11.00
# Visual Studio 2008

Project("{D837A57E-1189-6F18-5205-B897D06C359A}") = "BloodGame", "Assembly-CSharp.csproj", "{737F3D5D-E056-96DF-18EF-46B593784EB0}"
EndProject
Project("{D837A57E-1189-6F18-5205-B897D06C359A}") = "BloodGame", "Assembly-CSharp-Editor.csproj", "{D3B6520E-F35D-5A34-5F65-D0BDCE320C7A}"
EndProject
Global
	GlobalSection(SolutionConfigurationPlatforms) = preSolution
		Debug|Any CPU = Debug|Any CPU
		Release|Any CPU = Release|Any CPU
	EndGlobalSection
	GlobalSection(ProjectConfigurationPlatforms) = postSolution
		{737F3D5D-E056-96DF-18EF-46B593784EB0}.Debug|Any CPU.ActiveCfg = Debug|Any CPU
		{737F3D5D-E056-96DF-18EF-46B593784EB0}.Debug|Any CPU.Build.0 = Debug|Any CPU
		{737F3D5D-E056-96DF-18EF-46B593784EB0}.Release|Any CPU.ActiveCfg = Release|Any CPU
		{737F3D5D-E056-96DF-18EF-46B593784EB0}.Release|Any CPU.Build.0 = Release|Any CPU
		{D3B6520E-F35D-5A34-5F65-D0BDCE320C7A}.Debug|Any CPU.ActiveCfg = Debug|Any CPU
		{D3B6520E-F35D-5A34-5F65-D0BDCE320C7A}.Debug|Any CPU.Build.0 = Debug|Any CPU
		{D3B6520E-F35D-5A34-5F65-D0BDCE320C7A}.Release|Any CPU.ActiveCfg = Release|Any CPU
		{D3B6520E-F35D-5A34-5F65-D0BDCE320C7A}.Release|Any CPU.Build.0 = Release|Any CPU
	EndGlobalSection
	GlobalSection(SolutionProperties) = preSolution
		HideSolutionNode = FALSE
	EndGlobalSection
	GlobalSection(MonoDevelopProperties) = preSolution
		StartupItem = Assembly-CSharp.csproj
	EndGlobalSection
EndGlobal
